
Microsoft Visual Studio Solution File, Format Version 12.00
# Visual Studio Version 16
VisualStudioVersion = 25.0.1705.0
MinimumVisualStudioVersion = 10.0.40219.1
Project("{FAE04EC0-301F-11D3-BF4B-00C04F79EFBC}") = "WebAppProject", "WebAppProject.csproj", "{2AE3BCFF-614C-4181-A317-DB76273DD67B}"
EndProject
Global
	GlobalSection(SolutionConfigurationPlatforms) = preSolution
		Debug|Any CPU = Debug|Any CPU
		Release|Any CPU = Release|Any CPU
	EndGlobalSection
	GlobalSection(ProjectConfigurationPlatforms) = postSolution
		{2AE3BCFF-614C-4181-A317-DB76273DD67B}.Debug|Any CPU.ActiveCfg = Debug|Any CPU
		{2AE3BCFF-614C-4181-A317-DB76273DD67B}.Debug|Any CPU.Build.0 = Debug|Any CPU
		{2AE3BCFF-614C-4181-A317-DB76273DD67B}.Release|Any CPU.ActiveCfg = Release|Any CPU
		{2AE3BCFF-614C-4181-A317-DB76273DD67B}.Release|Any CPU.Build.0 = Release|Any CPU
	EndGlobalSection
	GlobalSection(SolutionProperties) = preSolution
		HideSolutionNode = FALSE
	EndGlobalSection
	GlobalSection(ExtensibilityGlobals) = postSolution
		SolutionGuid = {453F57D7-759C-4070-B8B1-5C0E8D8BC8AE}
	EndGlobalSection
EndGlobal
